
Microsoft Visual Studio Solution File, Format Version 12.00
# Visual Studio 15
VisualStudioVersion = 15.0.28307.539
MinimumVisualStudioVersion = 10.0.40219.1
Project("{FAE04EC0-301F-11D3-BF4B-00C04F79EFBC}") = "WebApplication41", "WebApplication41\WebApplication41.csproj", "{7CF7A134-686B-4F3D-9C89-CCCFE5B9B387}"
EndProject
Global
	GlobalSection(SolutionConfigurationPlatforms) = preSolution
		Debug|Any CPU = Debug|Any CPU
		Release|Any CPU = Release|Any CPU
	EndGlobalSection
	GlobalSection(ProjectConfigurationPlatforms) = postSolution
		{7CF7A134-686B-4F3D-9C89-CCCFE5B9B387}.Debug|Any CPU.ActiveCfg = Debug|Any CPU
		{7CF7A134-686B-4F3D-9C89-CCCFE5B9B387}.Debug|Any CPU.Build.0 = Debug|Any CPU
		{7CF7A134-686B-4F3D-9C89-CCCFE5B9B387}.Release|Any CPU.ActiveCfg = Release|Any CPU
		{7CF7A134-686B-4F3D-9C89-CCCFE5B9B387}.Release|Any CPU.Build.0 = Release|Any CPU
	EndGlobalSection
	GlobalSection(SolutionProperties) = preSolution
		HideSolutionNode = FALSE
	EndGlobalSection
	GlobalSection(ExtensibilityGlobals) = postSolution
		SolutionGuid = {8B89BAB0-6050-4CFF-B06B-26A896C2EACA}
	EndGlobalSection
EndGlobal
